
Microsoft Visual Studio Solution File, Format Version 12.00
# Visual Studio Version 16
VisualStudioVersion = 16.0.32602.291
MinimumVisualStudioVersion = 10.0.40219.1
Project("{FAE04EC0-301F-11D3-BF4B-00C04F79EFBC}") = "EmployeeManagementProject", "EmployeeManagementProject.csproj", "{8130101B-0C32-4DE4-ADF1-57B2BAC9EFE9}"
EndProject
Global
	GlobalSection(SolutionConfigurationPlatforms) = preSolution
		Debug|Any CPU = Debug|Any CPU
		Release|Any CPU = Release|Any CPU
	EndGlobalSection
	GlobalSection(ProjectConfigurationPlatforms) = postSolution
		{8130101B-0C32-4DE4-ADF1-57B2BAC9EFE9}.Debug|Any CPU.ActiveCfg = Debug|Any CPU
		{8130101B-0C32-4DE4-ADF1-57B2BAC9EFE9}.Debug|Any CPU.Build.0 = Debug|Any CPU
		{8130101B-0C32-4DE4-ADF1-57B2BAC9EFE9}.Release|Any CPU.ActiveCfg = Release|Any CPU
		{8130101B-0C32-4DE4-ADF1-57B2BAC9EFE9}.Release|Any CPU.Build.0 = Release|Any CPU
	EndGlobalSection
	GlobalSection(SolutionProperties) = preSolution
		HideSolutionNode = FALSE
	EndGlobalSection
	GlobalSection(ExtensibilityGlobals) = postSolution
		SolutionGuid = {556E8623-8739-4AB8-AE1C-8ADFB4B66E95}
	EndGlobalSection
EndGlobal
